{
    "markbaker/complex": {
        "version": "1.4.7"
    },
    "markbaker/matrix": {
        "version": "1.1.4"
    },
    "phpoffice/phpspreadsheet": {
        "version": "1.6.0"
    },
    "symfony/webpack-encore-bundle": {
        "version": "1.0",
        "recipe": {
            "repo": "github.com/symfony/recipes",
            "branch": "master",
            "version": "1.0",
            "ref": "7b6180725839c090cd8dbd069a3947b0dca1bae0"
        },
        "files": [
            "assets/css/app.css",
            "assets/js/app.js",
            "config/packages/assets.yaml",
            "config/packages/prod/webpack_encore.yaml",
            "config/packages/webpack_encore.yaml",
            "package.json",
            "webpack.config.js"
        ]
    }
}
