{
    "_readme": [
        "This file locks the dependencies of your project to a known state",
        "Read more about it at https://getcomposer.org/doc/01-basic-usage.md#composer-lock-the-lock-file",
        "This file is @generated automatically"
    ],
    "hash": "994707bbf43d7ad7fdf0d0ba30e8c754",
    "content-hash": "41eeac90b07adf3a6792a0bb2d857176",
    "packages": [
        {
            "name": "symfony/apache-pack",
            "version": "v1.0.1",
            "source": {
                "type": "git",
                "url": "https://github.com/symfony/apache-pack.git",
                "reference": "3aa5818d73ad2551281fc58a75afd9ca82622e6c"
            },
            "dist": {
                "type": "zip",
                "url": "https://api.github.com/repos/symfony/apache-pack/zipball/3aa5818d73ad2551281fc58a75afd9ca82622e6c",
                "reference": "3aa5818d73ad2551281fc58a75afd9ca82622e6c",
                "shasum": ""
            },
            "type": "symfony-pack",
            "notification-url": "https://packagist.org/downloads/",
            "license": [
                "MIT"
            ],
            "description": "A pack for Apache support in Symfony",
            "time": "2017-12-12 01:46:35"
        }
    ],
    "packages-dev": [],
    "aliases": [],
    "minimum-stability": "stable",
    "stability-flags": [],
    "prefer-stable": false,
    "prefer-lowest": false,
    "platform": [],
    "platform-dev": []
}
